Microsoft Visual Studio Solution File, Format Version 11.00
# Visual Studio 2008

Project("{E6DEC152-D6A9-41FC-CB0A-5E8CC2579CC3}") = "vertical", "Assembly-CSharp-firstpass.csproj", "{1AC164F8-6B58-6BE5-C23E-2DAC8465D225}"
EndProject
Project("{E6DEC152-D6A9-41FC-CB0A-5E8CC2579CC3}") = "vertical", "Assembly-CSharp.csproj", "{3A0C4CB6-1115-F0EF-46AC-C2676744E786}"
EndProject
Project("{E6DEC152-D6A9-41FC-CB0A-5E8CC2579CC3}") = "vertical", "Assembly-CSharp-Editor.csproj", "{44E009DE-213E-1F06-F02D-80159C1336F6}"
EndProject
Global
	GlobalSection(SolutionConfigurationPlatforms) = preSolution
		Debug|Any CPU = Debug|Any CPU
		Release|Any CPU = Release|Any CPU
	EndGlobalSection
	GlobalSection(ProjectConfigurationPlatforms) = postSolution
		{1AC164F8-6B58-6BE5-C23E-2DAC8465D225}.Debug|Any CPU.ActiveCfg = Debug|Any CPU
		{1AC164F8-6B58-6BE5-C23E-2DAC8465D225}.Debug|Any CPU.Build.0 = Debug|Any CPU
		{1AC164F8-6B58-6BE5-C23E-2DAC8465D225}.Release|Any CPU.ActiveCfg = Release|Any CPU
		{1AC164F8-6B58-6BE5-C23E-2DAC8465D225}.Release|Any CPU.Build.0 = Release|Any CPU
		{3A0C4CB6-1115-F0EF-46AC-C2676744E786}.Debug|Any CPU.ActiveCfg = Debug|Any CPU
		{3A0C4CB6-1115-F0EF-46AC-C2676744E786}.Debug|Any CPU.Build.0 = Debug|Any CPU
		{3A0C4CB6-1115-F0EF-46AC-C2676744E786}.Release|Any CPU.ActiveCfg = Release|Any CPU
		{3A0C4CB6-1115-F0EF-46AC-C2676744E786}.Release|Any CPU.Build.0 = Release|Any CPU
		{44E009DE-213E-1F06-F02D-80159C1336F6}.Debug|Any CPU.ActiveCfg = Debug|Any CPU
		{44E009DE-213E-1F06-F02D-80159C1336F6}.Debug|Any CPU.Build.0 = Debug|Any CPU
		{44E009DE-213E-1F06-F02D-80159C1336F6}.Release|Any CPU.ActiveCfg = Release|Any CPU
		{44E009DE-213E-1F06-F02D-80159C1336F6}.Release|Any CPU.Build.0 = Release|Any CPU
	EndGlobalSection
	GlobalSection(SolutionProperties) = preSolution
		HideSolutionNode = FALSE
	EndGlobalSection
	GlobalSection(MonoDevelopProperties) = preSolution
		StartupItem = Assembly-CSharp.csproj
	EndGlobalSection
EndGlobal
